
Microsoft Visual Studio Solution File, Format Version 12.00
# Visual Studio Version 17
VisualStudioVersion = 17.5.33502.453
MinimumVisualStudioVersion = 10.0.40219.1
Project("{FAE04EC0-301F-11D3-BF4B-00C04F79EFBC}") = "winCalculatorActivity", "winCalculatorActivity\winCalculatorActivity.csproj", "{D8F3C342-0488-4882-B460-423263DD6108}"
EndProject
Global
	GlobalSection(SolutionConfigurationPlatforms) = preSolution
		Debug|Any CPU = Debug|Any CPU
		Release|Any CPU = Release|Any CPU
	EndGlobalSection
	GlobalSection(ProjectConfigurationPlatforms) = postSolution
		{D8F3C342-0488-4882-B460-423263DD6108}.Debug|Any CPU.ActiveCfg = Debug|Any CPU
		{D8F3C342-0488-4882-B460-423263DD6108}.Debug|Any CPU.Build.0 = Debug|Any CPU
		{D8F3C342-0488-4882-B460-423263DD6108}.Release|Any CPU.ActiveCfg = Release|Any CPU
		{D8F3C342-0488-4882-B460-423263DD6108}.Release|Any CPU.Build.0 = Release|Any CPU
	EndGlobalSection
	GlobalSection(SolutionProperties) = preSolution
		HideSolutionNode = FALSE
	EndGlobalSection
	GlobalSection(ExtensibilityGlobals) = postSolution
		SolutionGuid = {B2B6496C-FD1E-415D-92C4-3FFBFAF65770}
	EndGlobalSection
EndGlobal
